# THIS IS AN AUTOGENERATED FILE. DO NOT EDIT THIS FILE DIRECTLY.
# yarn lockfile v1


"@types/node@^14.11.2":
  version "14.17.32"
  resolved "https://registry.yarnpkg.com/@types/node/-/node-14.17.32.tgz#2ca61c9ef8c77f6fa1733be9e623ceb0d372ad96"
  integrity sha512-JcII3D5/OapPGx+eJ+Ik1SQGyt6WvuqdRfh9jUwL6/iHGjmyOriBDciBUu7lEIBTL2ijxwrR70WUnw5AEDmFvQ==

google-libphonenumber@^3.2.26:
  version "3.2.26"
  resolved "https://registry.yarnpkg.com/google-libphonenumber/-/google-libphonenumber-3.2.26.tgz#c5fcaf793892cd079edb5a3df191fdc955fb9587"
  integrity sha512-qyjAKef1oC2vG81RNy1f5Mk9lYE/H3HC885DCOlFs9ca3QfsqEUnXWOTPXTgEtHnTq1x3vpQgtDbX3Vba/o2ow==
