# THIS IS AN AUTOGENERATED FILE. DO NOT EDIT THIS FILE DIRECTLY.
# yarn lockfile v1


"@types/node@^14.11.2":
  version "14.17.32"
  resolved "https://registry.yarnpkg.com/@types/node/-/node-14.17.32.tgz#2ca61c9ef8c77f6fa1733be9e623ceb0d372ad96"
  integrity sha512-JcII3D5/OapPGx+eJ+Ik1SQGyt6WvuqdRfh9jUwL6/iHGjmyOriBDciBUu7lEIBTL2ijxwrR70WUnw5AEDmFvQ==

google-libphonenumber@^3.2.25:
  version "3.2.25"
  resolved "https://registry.yarnpkg.com/google-libphonenumber/-/google-libphonenumber-3.2.25.tgz#3bc1a041fa392739d201eacf66761df236f1614b"
  integrity sha512-M/b5mij5o2aGnbe+Id9O3847jBtP0baW61foFkevxBxbuV4LH9AcujjYLd2UVkUPKVdMpKyBZxfeNwdxqobQFQ==
